
Microsoft Visual Studio Solution File, Format Version 11.00
# Visual Studio 2010
Project("{FAE04EC0-301F-11D3-BF4B-00C04F79EFBC}") = "ArvoreBinaria", "ArvoreBinaria\ArvoreBinaria.csproj", "{AA32B3A5-D27F-4F95-A89A-6D9C738EBC89}"
EndProject
Global
	GlobalSection(SolutionConfigurationPlatforms) = preSolution
		Debug|Any CPU = Debug|Any CPU
		Release|Any CPU = Release|Any CPU
	EndGlobalSection
	GlobalSection(ProjectConfigurationPlatforms) = postSolution
		{AA32B3A5-D27F-4F95-A89A-6D9C738EBC89}.Debug|Any CPU.ActiveCfg = Debug|Any CPU
		{AA32B3A5-D27F-4F95-A89A-6D9C738EBC89}.Debug|Any CPU.Build.0 = Debug|Any CPU
		{AA32B3A5-D27F-4F95-A89A-6D9C738EBC89}.Release|Any CPU.ActiveCfg = Release|Any CPU
		{AA32B3A5-D27F-4F95-A89A-6D9C738EBC89}.Release|Any CPU.Build.0 = Release|Any CPU
	EndGlobalSection
	GlobalSection(SolutionProperties) = preSolution
		HideSolutionNode = FALSE
	EndGlobalSection
EndGlobal
