
Microsoft Visual Studio Solution File, Format Version 12.00
# Visual Studio Version 16
VisualStudioVersion = 16.0.29025.244
MinimumVisualStudioVersion = 10.0.40219.1
Project("{FAE04EC0-301F-11D3-BF4B-00C04F79EFBC}") = "EDGrafos", "EDGrafos.csproj", "{17C31C12-302C-4414-A4B7-FA82117CE213}"
EndProject
Global
	GlobalSection(SolutionConfigurationPlatforms) = preSolution
		Debug|Any CPU = Debug|Any CPU
		Release|Any CPU = Release|Any CPU
	EndGlobalSection
	GlobalSection(ProjectConfigurationPlatforms) = postSolution
		{17C31C12-302C-4414-A4B7-FA82117CE213}.Debug|Any CPU.ActiveCfg = Debug|Any CPU
		{17C31C12-302C-4414-A4B7-FA82117CE213}.Debug|Any CPU.Build.0 = Debug|Any CPU
		{17C31C12-302C-4414-A4B7-FA82117CE213}.Release|Any CPU.ActiveCfg = Release|Any CPU
		{17C31C12-302C-4414-A4B7-FA82117CE213}.Release|Any CPU.Build.0 = Release|Any CPU
	EndGlobalSection
	GlobalSection(SolutionProperties) = preSolution
		HideSolutionNode = FALSE
	EndGlobalSection
	GlobalSection(ExtensibilityGlobals) = postSolution
		SolutionGuid = {355AED28-05A8-4AEB-828E-8F88859C576E}
	EndGlobalSection
EndGlobal
